
Microsoft Visual Studio Solution File, Format Version 12.00
# Visual Studio Version 16
VisualStudioVersion = 16.0.30114.105
MinimumVisualStudioVersion = 10.0.40219.1
Project("{FAE04EC0-301F-11D3-BF4B-00C04F79EFBC}") = "Automata", "Automata\Automata.csproj", "{5D4061B8-D07B-4EE2-BE47-FF3F0E8BF06A}"
EndProject
Global
	GlobalSection(SolutionConfigurationPlatforms) = preSolution
		Debug|Any CPU = Debug|Any CPU
		Release|Any CPU = Release|Any CPU
	EndGlobalSection
	GlobalSection(ProjectConfigurationPlatforms) = postSolution
		{5D4061B8-D07B-4EE2-BE47-FF3F0E8BF06A}.Debug|Any CPU.ActiveCfg = Debug|Any CPU
		{5D4061B8-D07B-4EE2-BE47-FF3F0E8BF06A}.Debug|Any CPU.Build.0 = Debug|Any CPU
		{5D4061B8-D07B-4EE2-BE47-FF3F0E8BF06A}.Release|Any CPU.ActiveCfg = Release|Any CPU
		{5D4061B8-D07B-4EE2-BE47-FF3F0E8BF06A}.Release|Any CPU.Build.0 = Release|Any CPU
	EndGlobalSection
	GlobalSection(SolutionProperties) = preSolution
		HideSolutionNode = FALSE
	EndGlobalSection
	GlobalSection(ExtensibilityGlobals) = postSolution
		SolutionGuid = {E9CB8BE9-39B7-4B97-8C0C-B219982A8DCD}
	EndGlobalSection
EndGlobal
